
Microsoft Visual Studio Solution File, Format Version 12.00
# Visual Studio 15
VisualStudioVersion = 15.0.28307.168
MinimumVisualStudioVersion = 10.0.40219.1
Project("{FAE04EC0-301F-11D3-BF4B-00C04F79EFBC}") = "WPFTile", "WPFTile\WPFTile.csproj", "{6169605C-B2E0-4F00-91EC-7FB521D8E302}"
EndProject
Global
	GlobalSection(SolutionConfigurationPlatforms) = preSolution
		Debug|Any CPU = Debug|Any CPU
		Release|Any CPU = Release|Any CPU
	EndGlobalSection
	GlobalSection(ProjectConfigurationPlatforms) = postSolution
		{6169605C-B2E0-4F00-91EC-7FB521D8E302}.Debug|Any CPU.ActiveCfg = Debug|Any CPU
		{6169605C-B2E0-4F00-91EC-7FB521D8E302}.Debug|Any CPU.Build.0 = Debug|Any CPU
		{6169605C-B2E0-4F00-91EC-7FB521D8E302}.Release|Any CPU.ActiveCfg = Release|Any CPU
		{6169605C-B2E0-4F00-91EC-7FB521D8E302}.Release|Any CPU.Build.0 = Release|Any CPU
	EndGlobalSection
	GlobalSection(SolutionProperties) = preSolution
		HideSolutionNode = FALSE
	EndGlobalSection
	GlobalSection(ExtensibilityGlobals) = postSolution
		SolutionGuid = {A029FA9A-E800-441B-A6DA-AD5E6C7E3EB7}
	EndGlobalSection
EndGlobal
